// !$*UTF8*$!
{
	archiveVersion = 1;
	classes = {
	};
	objectVersion = 48;
	objects = {

/* Begin PBXBuildFile section */
		97C6142D2056D7A3001FEE20 /* AppDelegate.swift in Sources */ = {isa = PBXBuildFile; fileRef = 97C6142C2056D7A3001FEE20 /* AppDelegate.swift */; };
		97C6142F2056D7A3001FEE20 /* ViewController.swift in Sources */ = {isa = PBXBuildFile; fileRef = 97C6142E2056D7A3001FEE20 /* ViewController.swift */; };
		97C614322056D7A3001FEE20 /* Main.storyboard in Resources */ = {isa = PBXBuildFile; fileRef = 97C614302056D7A3001FEE20 /* Main.storyboard */; };
		97C614342056D7A3001FEE20 /* Assets.xcassets in Resources */ = {isa = PBXBuildFile; fileRef = 97C614332056D7A3001FEE20 /* Assets.xcassets */; };
		97C614372056D7A3001FEE20 /* LaunchScreen.storyboard in Resources */ = {isa = PBXBuildFile; fileRef = 97C614352056D7A3001FEE20 /* LaunchScreen.storyboard */; };
		97C614422056D7A3001FEE20 /* SwiftBaseProjectTests.swift in Sources */ = {isa = PBXBuildFile; fileRef = 97C614412056D7A3001FEE20 /* SwiftBaseProjectTests.swift */; };
		97C6144D2056D7A4001FEE20 /* SwiftBaseProjectUITests.swift in Sources */ = {isa = PBXBuildFile; fileRef = 97C6144C2056D7A4001FEE20 /* SwiftBaseProjectUITests.swift */; };
/* End PBXBuildFile section */

/* Begin PBXContainerItemProxy section */
		97C6143E2056D7A3001FEE20 /* PBXContainerItemProxy */ = {
			isa = PBXContainerItemProxy;
			containerPortal = 97C614212056D7A3001FEE20 /* Project object */;
			proxyType = 1;
			remoteGlobalIDString = 97C614282056D7A3001FEE20;
			remoteInfo = SwiftBaseProject;
		};
		97C614492056D7A4001FEE20 /* PBXContainerItemProxy */ = {
			isa = PBXContainerItemProxy;
			containerPortal = 97C614212056D7A3001FEE20 /* Project object */;
			proxyType = 1;
			remoteGlobalIDString = 97C614282056D7A3001FEE20;
			remoteInfo = SwiftBaseProject;
		};
/* End PBXContainerItemProxy section */

/* Begin PBXFileReference section */
		97C614292056D7A3001FEE20 /* SwiftBaseProject.app */ = {isa = PBXFileReference; explicitFileType = wrapper.application; includeInIndex = 0; path = SwiftBaseProject.app; sourceTree = BUILT_PRODUCTS_DIR; };
		97C6142C2056D7A3001FEE20 /* AppDelegate.swift */ = {isa = PBXFileReference; lastKnownFileType = sourcecode.swift; path = AppDelegate.swift; sourceTree = "<group>"; };
		97C6142E2056D7A3001FEE20 /* ViewController.swift */ = {isa = PBXFileReference; lastKnownFileType = sourcecode.swift; path = ViewController.swift; sourceTree = "<group>"; };
		97C614312056D7A3001FEE20 /* Base */ = {isa = PBXFileReference; lastKnownFileType = file.storyboard; name = Base; path = Base.lproj/Main.storyboard; sourceTree = "<group>"; };
		97C614332056D7A3001FEE20 /* Assets.xcassets */ = {isa = PBXFileReference; lastKnownFileType = folder.assetcatalog; path = Assets.xcassets; sourceTree = "<group>"; };
		97C614362056D7A3001FEE20 /* Base */ = {isa = PBXFileReference; lastKnownFileType = file.storyboard; name = Base; path = Base.lproj/LaunchScreen.storyboard; sourceTree = "<group>"; };
		97C614382056D7A3001FEE20 /* Info.plist */ = {isa = PBXFileReference; lastKnownFileType = text.plist.xml; path = Info.plist; sourceTree = "<group>"; };
		97C6143D2056D7A3001FEE20 /* SwiftBaseProjectTests.xctest */ = {isa = PBXFileReference; explicitFileType = wrapper.cfbundle; includeInIndex = 0; path = SwiftBaseProjectTests.xctest; sourceTree = BUILT_PRODUCTS_DIR; };
		97C614412056D7A3001FEE20 /* SwiftBaseProjectTests.swift */ = {isa = PBXFileReference; lastKnownFileType = sourcecode.swift; path = SwiftBaseProjectTests.swift; sourceTree = "<group>"; };
		97C614432056D7A3001FEE20 /* Info.plist */ = {isa = PBXFileReference; lastKnownFileType = text.plist.xml; path = Info.plist; sourceTree = "<group>"; };
		97C614482056D7A4001FEE20 /* SwiftBaseProjectUITests.xctest */ = {isa = PBXFileReference; explicitFileType = wrapper.cfbundle; includeInIndex = 0; path = SwiftBaseProjectUITests.xctest; sourceTree = BUILT_PRODUCTS_DIR; };
		97C6144C2056D7A4001FEE20 /* SwiftBaseProjectUITests.swift */ = {isa = PBXFileReference; lastKnownFileType = sourcecode.swift; path = SwiftBaseProjectUITests.swift; sourceTree = "<group>"; };
		97C6144E2056D7A4001FEE20 /* Info.plist */ = {isa = PBXFileReference; lastKnownFileType = text.plist.xml; path = Info.plist; sourceTree = "<group>"; };
/* End PBXFileReference section */

/* Begin PBXFrameworksBuildPhase section */
		97C614262056D7A3001FEE20 /* Frameworks */ = {
			isa = PBXFrameworksBuildPhase;
			buildActionMask = 2147483647;
			files = (
			);
			runOnlyForDeploymentPostprocessing = 0;
		};
		97C6143A2056D7A3001FEE20 /* Frameworks */ = {
			isa = PBXFrameworksBuildPhase;
			buildActionMask = 2147483647;
			files = (
			);
			runOnlyForDeploymentPostprocessing = 0;
		};
		97C614452056D7A4001FEE20 /* Frameworks */ = {
			isa = PBXFrameworksBuildPhase;
			buildActionMask = 2147483647;
			files = (
			);
			runOnlyForDeploymentPostprocessing = 0;
		};
/* End PBXFrameworksBuildPhase section */

/* Begin PBXGroup section */
		97C614202056D7A3001FEE20 = {
			isa = PBXGroup;
			children = (
				97C6142B2056D7A3001FEE20 /* SwiftBaseProject */,
				97C614402056D7A3001FEE20 /* SwiftBaseProjectTests */,
				97C6144B2056D7A4001FEE20 /* SwiftBaseProjectUITests */,
				97C6142A2056D7A3001FEE20 /* Products */,
			);
			sourceTree = "<group>";
		};
		97C6142A2056D7A3001FEE20 /* Products */ = {
			isa = PBXGroup;
			children = (
				97C614292056D7A3001FEE20 /* SwiftBaseProject.app */,
				97C6143D2056D7A3001FEE20 /* SwiftBaseProjectTests.xctest */,
				97C614482056D7A4001FEE20 /* SwiftBaseProjectUITests.xctest */,
			);
			name = Products;
			sourceTree = "<group>";
		};
		97C6142B2056D7A3001FEE20 /* SwiftBaseProject */ = {
			isa = PBXGroup;
			children = (
				97C6142C2056D7A3001FEE20 /* AppDelegate.swift */,
				97C6142E2056D7A3001FEE20 /* ViewController.swift */,
				97C614302056D7A3001FEE20 /* Main.storyboard */,
				97C614332056D7A3001FEE20 /* Assets.xcassets */,
				97C614352056D7A3001FEE20 /* LaunchScreen.storyboard */,
				97C614382056D7A3001FEE20 /* Info.plist */,
			);
			path = SwiftBaseProject;
			sourceTree = "<group>";
		};
		97C614402056D7A3001FEE20 /* SwiftBaseProjectTests */ = {
			isa = PBXGroup;
			children = (
				97C614412056D7A3001FEE20 /* SwiftBaseProjectTests.swift */,
				97C614432056D7A3001FEE20 /* Info.plist */,
			);
			path = SwiftBaseProjectTests;
			sourceTree = "<group>";
		};
		97C6144B2056D7A4001FEE20 /* SwiftBaseProjectUITests */ = {
			isa = PBXGroup;
			children = (
				97C6144C2056D7A4001FEE20 /* SwiftBaseProjectUITests.swift */,
				97C6144E2056D7A4001FEE20 /* Info.plist */,
			);
			path = SwiftBaseProjectUITests;
			sourceTree = "<group>";
		};
/* End PBXGroup section */

/* Begin PBXNativeTarget section */
		97C614282056D7A3001FEE20 /* SwiftBaseProject */ = {
			isa = PBXNativeTarget;
			buildConfigurationList = 97C614512056D7A4001FEE20 /* Build configuration list for PBXNativeTarget "SwiftBaseProject" */;
			buildPhases = (
				97C614252056D7A3001FEE20 /* Sources */,
				97C614262056D7A3001FEE20 /* Frameworks */,
				97C614272056D7A3001FEE20 /* Resources */,
			);
			buildRules = (
			);
			dependencies = (
			);
			name = SwiftBaseProject;
			productName = SwiftBaseProject;
			productReference = 97C614292056D7A3001FEE20 /* SwiftBaseProject.app */;
			productType = "com.apple.product-type.application";
		};
		97C6143C2056D7A3001FEE20 /* SwiftBaseProjectTests */ = {
			isa = PBXNativeTarget;
			buildConfigurationList = 97C614542056D7A4001FEE20 /* Build configuration list for PBXNativeTarget "SwiftBaseProjectTests" */;
			buildPhases = (
				97C614392056D7A3001FEE20 /* Sources */,
				97C6143A2056D7A3001FEE20 /* Frameworks */,
				97C6143B2056D7A3001FEE20 /* Resources */,
			);
			buildRules = (
			);
			dependencies = (
				97C6143F2056D7A3001FEE20 /* PBXTargetDependency */,
			);
			name = SwiftBaseProjectTests;
			productName = SwiftBaseProjectTests;
			productReference = 97C6143D2056D7A3001FEE20 /* SwiftBaseProjectTests.xctest */;
			productType = "com.apple.product-type.bundle.unit-test";
		};
		97C614472056D7A4001FEE20 /* SwiftBaseProjectUITests */ = {
			isa = PBXNativeTarget;
			buildConfigurationList = 97C614572056D7A4001FEE20 /* Build configuration list for PBXNativeTarget "SwiftBaseProjectUITests" */;
			buildPhases = (
				97C614442056D7A4001FEE20 /* Sources */,
				97C614452056D7A4001FEE20 /* Frameworks */,
				97C614462056D7A4001FEE20 /* Resources */,
			);
			buildRules = (
			);
			dependencies = (
				97C6144A2056D7A4001FEE20 /* PBXTargetDependency */,
			);
			name = SwiftBaseProjectUITests;
			productName = SwiftBaseProjectUITests;
			productReference = 97C614482056D7A4001FEE20 /* SwiftBaseProjectUITests.xctest */;
			productType = "com.apple.product-type.bundle.ui-testing";
		};
/* End PBXNativeTarget section */

/* Begin PBXProject section */
		97C614212056D7A3001FEE20 /* Project object */ = {
			isa = PBXProject;
			attributes = {
				LastSwiftUpdateCheck = 0920;
				LastUpgradeCheck = 0920;
				ORGANIZATIONNAME = "Mauricio Cousillas";
				TargetAttributes = {
					97C614282056D7A3001FEE20 = {
						CreatedOnToolsVersion = 9.2;
						ProvisioningStyle = Automatic;
					};
					97C6143C2056D7A3001FEE20 = {
						CreatedOnToolsVersion = 9.2;
						ProvisioningStyle = Automatic;
						TestTargetID = 97C614282056D7A3001FEE20;
					};
					97C614472056D7A4001FEE20 = {
						CreatedOnToolsVersion = 9.2;
						ProvisioningStyle = Automatic;
						TestTargetID = 97C614282056D7A3001FEE20;
					};
				};
			};
			buildConfigurationList = 97C614242056D7A3001FEE20 /* Build configuration list for PBXProject "SwiftBaseProject" */;
			compatibilityVersion = "Xcode 8.0";
			developmentRegion = en;
			hasScannedForEncodings = 0;
			knownRegions = (
				en,
				Base,
			);
			mainGroup = 97C614202056D7A3001FEE20;
			productRefGroup = 97C6142A2056D7A3001FEE20 /* Products */;
			projectDirPath = "";
			projectRoot = "";
			targets = (
				97C614282056D7A3001FEE20 /* SwiftBaseProject */,
				97C6143C2056D7A3001FEE20 /* SwiftBaseProjectTests */,
				97C614472056D7A4001FEE20 /* SwiftBaseProjectUITests */,
			);
		};
/* End PBXProject section */

/* Begin PBXResourcesBuildPhase section */
		97C614272056D7A3001FEE20 /* Resources */ = {
			isa = PBXResourcesBuildPhase;
			buildActionMask = 2147483647;
			files = (
				97C614372056D7A3001FEE20 /* LaunchScreen.storyboard in Resources */,
				97C614342056D7A3001FEE20 /* Assets.xcassets in Resources */,
				97C614322056D7A3001FEE20 /* Main.storyboard in Resources */,
			);
			runOnlyForDeploymentPostprocessing = 0;
		};
		97C6143B2056D7A3001FEE20 /* Resources */ = {
			isa = PBXResourcesBuildPhase;
			buildActionMask = 2147483647;
			files = (
			);
			runOnlyForDeploymentPostprocessing = 0;
		};
		97C614462056D7A4001FEE20 /* Resources */ = {
			isa = PBXResourcesBuildPhase;
			buildActionMask = 2147483647;
			files = (
			);
			runOnlyForDeploymentPostprocessing = 0;
		};
/* End PBXResourcesBuildPhase section */

/* Begin PBXSourcesBuildPhase section */
		97C614252056D7A3001FEE20 /* Sources */ = {
			isa = PBXSourcesBuildPhase;
			buildActionMask = 2147483647;
			files = (
				97C6142F2056D7A3001FEE20 /* ViewController.swift in Sources */,
				97C6142D2056D7A3001FEE20 /* AppDelegate.swift in Sources */,
			);
			runOnlyForDeploymentPostprocessing = 0;
		};
		97C614392056D7A3001FEE20 /* Sources */ = {
			isa = PBXSourcesBuildPhase;
			buildActionMask = 2147483647;
			files = (
				97C614422056D7A3001FEE20 /* SwiftBaseProjectTests.swift in Sources */,
			);
			runOnlyForDeploymentPostprocessing = 0;
		};
		97C614442056D7A4001FEE20 /* Sources */ = {
			isa = PBXSourcesBuildPhase;
			buildActionMask = 2147483647;
			files = (
				97C6144D2056D7A4001FEE20 /* SwiftBaseProjectUITests.swift in Sources */,
			);
			runOnlyForDeploymentPostprocessing = 0;
		};
/* End PBXSourcesBuildPhase section */

/* Begin PBXTargetDependency section */
		97C6143F2056D7A3001FEE20 /* PBXTargetDependency */ = {
			isa = PBXTargetDependency;
			target = 97C614282056D7A3001FEE20 /* SwiftBaseProject */;
			targetProxy = 97C6143E2056D7A3001FEE20 /* PBXContainerItemProxy */;
		};
		97C6144A2056D7A4001FEE20 /* PBXTargetDependency */ = {
			isa = PBXTargetDependency;
			target = 97C614282056D7A3001FEE20 /* SwiftBaseProject */;
			targetProxy = 97C614492056D7A4001FEE20 /* PBXContainerItemProxy */;
		};
/* End PBXTargetDependency section */

/* Begin PBXVariantGroup section */
		97C614302056D7A3001FEE20 /* Main.storyboard */ = {
			isa = PBXVariantGroup;
			children = (
				97C614312056D7A3001FEE20 /* Base */,
			);
			name = Main.storyboard;
			sourceTree = "<group>";
		};
		97C614352056D7A3001FEE20 /* LaunchScreen.storyboard */ = {
			isa = PBXVariantGroup;
			children = (
				97C614362056D7A3001FEE20 /* Base */,
			);
			name = LaunchScreen.storyboard;
			sourceTree = "<group>";
		};
/* End PBXVariantGroup section */

/* Begin XCBuildConfiguration section */
		97C6144F2056D7A4001FEE20 /* Debug */ = {
			isa = XCBuildConfiguration;
			buildSettings = {
				ALWAYS_SEARCH_USER_PATHS = NO;
				CLANG_ANALYZER_NONNULL = YES;
				CLANG_ANALYZER_NUMBER_OBJECT_CONVERSION = YES_AGGRESSIVE;
				CLANG_CXX_LANGUAGE_STANDARD = "gnu++14";
				CLANG_CXX_LIBRARY = "libc++";
				CLANG_ENABLE_MODULES = YES;
				CLANG_ENABLE_OBJC_ARC = YES;
				CLANG_WARN_BLOCK_CAPTURE_AUTORELEASING = YES;
				CLANG_WARN_BOOL_CONVERSION = YES;
				CLANG_WARN_COMMA = YES;
				CLANG_WARN_CONSTANT_CONVERSION = YES;
				CLANG_WARN_DIRECT_OBJC_ISA_USAGE = YES_ERROR;
				CLANG_WARN_DOCUMENTATION_COMMENTS = YES;
				CLANG_WARN_EMPTY_BODY = YES;
				CLANG_WARN_ENUM_CONVERSION = YES;
				CLANG_WARN_INFINITE_RECURSION = YES;
				CLANG_WARN_INT_CONVERSION = YES;
				CLANG_WARN_NON_LITERAL_NULL_CONVERSION = YES;
				CLANG_WARN_OBJC_LITERAL_CONVERSION = YES;
				CLANG_WARN_OBJC_ROOT_CLASS = YES_ERROR;
				CLANG_WARN_RANGE_LOOP_ANALYSIS = YES;
				CLANG_WARN_STRICT_PROTOTYPES = YES;
				CLANG_WARN_SUSPICIOUS_MOVE = YES;
				CLANG_WARN_UNGUARDED_AVAILABILITY = YES_AGGRESSIVE;
				CLANG_WARN_UNREACHABLE_CODE = YES;
				CLANG_WARN__DUPLICATE_METHOD_MATCH = YES;
				CODE_SIGN_IDENTITY = "iPhone Developer";
				COPY_PHASE_STRIP = NO;
				DEBUG_INFORMATION_FORMAT = dwarf;
				ENABLE_STRICT_OBJC_MSGSEND = YES;
				ENABLE_TESTABILITY = YES;
				GCC_C_LANGUAGE_STANDARD = gnu11;
				GCC_DYNAMIC_NO_PIC = NO;
				GCC_NO_COMMON_BLOCKS = YES;
				GCC_OPTIMIZATION_LEVEL = 0;
				GCC_PREPROCESSOR_DEFINITIONS = (
					"DEBUG=1",
					"$(inherited)",
				);
				GCC_WARN_64_TO_32_BIT_CONVERSION = YES;
				GCC_WARN_ABOUT_RETURN_TYPE = YES_ERROR;
				GCC_WARN_UNDECLARED_SELECTOR = YES;
				GCC_WARN_UNINITIALIZED_AUTOS = YES_AGGRESSIVE;
				GCC_WARN_UNUSED_FUNCTION = YES;
				GCC_WARN_UNUSED_VARIABLE = YES;
				IPHONEOS_DEPLOYMENT_TARGET = 11.2;
				MTL_ENABLE_DEBUG_INFO = YES;
				ONLY_ACTIVE_ARCH = YES;
				SDKROOT = iphoneos;
				SWIFT_ACTIVE_COMPILATION_CONDITIONS = DEBUG;
				SWIFT_OPTIMIZATION_LEVEL = "-Onone";
			};
			name = Debug;
		};
		97C614502056D7A4001FEE20 /* Release */ = {
			isa = XCBuildConfiguration;
			buildSettings = {
				ALWAYS_SEARCH_USER_PATHS = NO;
				CLANG_ANALYZER_NONNULL = YES;
				CLANG_ANALYZER_NUMBER_OBJECT_CONVERSION = YES_AGGRESSIVE;
				CLANG_CXX_LANGUAGE_STANDARD = "gnu++14";
				CLANG_CXX_LIBRARY = "libc++";
				CLANG_ENABLE_MODULES = YES;
				CLANG_ENABLE_OBJC_ARC = YES;
				CLANG_WARN_BLOCK_CAPTURE_AUTORELEASING = YES;
				CLANG_WARN_BOOL_CONVERSION = YES;
				CLANG_WARN_COMMA = YES;
				CLANG_WARN_CONSTANT_CONVERSION = YES;
				CLANG_WARN_DIRECT_OBJC_ISA_USAGE = YES_ERROR;
				CLANG_WARN_DOCUMENTATION_COMMENTS = YES;
				CLANG_WARN_EMPTY_BODY = YES;
				CLANG_WARN_ENUM_CONVERSION = YES;
				CLANG_WARN_INFINITE_RECURSION = YES;
				CLANG_WARN_INT_CONVERSION = YES;
				CLANG_WARN_NON_LITERAL_NULL_CONVERSION = YES;
				CLANG_WARN_OBJC_LITERAL_CONVERSION = YES;
				CLANG_WARN_OBJC_ROOT_CLASS = YES_ERROR;
				CLANG_WARN_RANGE_LOOP_ANALYSIS = YES;
				CLANG_WARN_STRICT_PROTOTYPES = YES;
				CLANG_WARN_SUSPICIOUS_MOVE = YES;
				CLANG_WARN_UNGUARDED_AVAILABILITY = YES_AGGRESSIVE;
				CLANG_WARN_UNREACHABLE_CODE = YES;
				CLANG_WARN__DUPLICATE_METHOD_MATCH = YES;
				CODE_SIGN_IDENTITY = "iPhone Developer";
				COPY_PHASE_STRIP = NO;
				DEBUG_INFORMATION_FORMAT = "dwarf-with-dsym";
				ENABLE_NS_ASSERTIONS = NO;
				ENABLE_STRICT_OBJC_MSGSEND = YES;
				GCC_C_LANGUAGE_STANDARD = gnu11;
				GCC_NO_COMMON_BLOCKS = YES;
				GCC_WARN_64_TO_32_BIT_CONVERSION = YES;
				GCC_WARN_ABOUT_RETURN_TYPE = YES_ERROR;
				GCC_WARN_UNDECLARED_SELECTOR = YES;
				GCC_WARN_UNINITIALIZED_AUTOS = YES_AGGRESSIVE;
				GCC_WARN_UNUSED_FUNCTION = YES;
				GCC_WARN_UNUSED_VARIABLE = YES;
				IPHONEOS_DEPLOYMENT_TARGET = 11.2;
				MTL_ENABLE_DEBUG_INFO = NO;
				SDKROOT = iphoneos;
				SWIFT_OPTIMIZATION_LEVEL = "-Owholemodule";
				VALIDATE_PRODUCT = YES;
			};
			name = Release;
		};
		97C614522056D7A4001FEE20 /* Debug */ = {
			isa = XCBuildConfiguration;
			buildSettings = {
				ASSETCATALOG_COMPILER_APPICON_NAME = AppIcon;
				CODE_SIGN_STYLE = Automatic;
				INFOPLIST_FILE = SwiftBaseProject/Info.plist;
				LD_RUNPATH_SEARCH_PATHS = "$(inherited) @executable_path/Frameworks";
				PRODUCT_BUNDLE_IDENTIFIER = com.mcousillas.SwiftBaseProject;
				PRODUCT_NAME = "$(TARGET_NAME)";
				SWIFT_VERSION = 4.0;
				TARGETED_DEVICE_FAMILY = "1,2";
			};
			name = Debug;
		};
		97C614532056D7A4001FEE20 /* Release */ = {
			isa = XCBuildConfiguration;
			buildSettings = {
				ASSETCATALOG_COMPILER_APPICON_NAME = AppIcon;
				CODE_SIGN_STYLE = Automatic;
				INFOPLIST_FILE = SwiftBaseProject/Info.plist;
				LD_RUNPATH_SEARCH_PATHS = "$(inherited) @executable_path/Frameworks";
				PRODUCT_BUNDLE_IDENTIFIER = com.mcousillas.SwiftBaseProject;
				PRODUCT_NAME = "$(TARGET_NAME)";
				SWIFT_VERSION = 4.0;
				TARGETED_DEVICE_FAMILY = "1,2";
			};
			name = Release;
		};
		97C614552056D7A4001FEE20 /* Debug */ = {
			isa = XCBuildConfiguration;
			buildSettings = {
				ALWAYS_EMBED_SWIFT_STANDARD_LIBRARIES = YES;
				BUNDLE_LOADER = "$(TEST_HOST)";
				CODE_SIGN_STYLE = Automatic;
				INFOPLIST_FILE = SwiftBaseProjectTests/Info.plist;
				LD_RUNPATH_SEARCH_PATHS = "$(inherited) @executable_path/Frameworks @loader_path/Frameworks";
				PRODUCT_BUNDLE_IDENTIFIER = com.mcousillas.SwiftBaseProjectTests;
				PRODUCT_NAME = "$(TARGET_NAME)";
				SWIFT_VERSION = 4.0;
				TARGETED_DEVICE_FAMILY = "1,2";
				TEST_HOST = "$(BUILT_PRODUCTS_DIR)/SwiftBaseProject.app/SwiftBaseProject";
			};
			name = Debug;
		};
		97C614562056D7A4001FEE20 /* Release */ = {
			isa = XCBuildConfiguration;
			buildSettings = {
				ALWAYS_EMBED_SWIFT_STANDARD_LIBRARIES = YES;
				BUNDLE_LOADER = "$(TEST_HOST)";
				CODE_SIGN_STYLE = Automatic;
				INFOPLIST_FILE = SwiftBaseProjectTests/Info.plist;
				LD_RUNPATH_SEARCH_PATHS = "$(inherited) @executable_path/Frameworks @loader_path/Frameworks";
				PRODUCT_BUNDLE_IDENTIFIER = com.mcousillas.SwiftBaseProjectTests;
				PRODUCT_NAME = "$(TARGET_NAME)";
				SWIFT_VERSION = 4.0;
				TARGETED_DEVICE_FAMILY = "1,2";
				TEST_HOST = "$(BUILT_PRODUCTS_DIR)/SwiftBaseProject.app/SwiftBaseProject";
			};
			name = Release;
		};
		97C614582056D7A4001FEE20 /* Debug */ = {
			isa = XCBuildConfiguration;
			buildSettings = {
				ALWAYS_EMBED_SWIFT_STANDARD_LIBRARIES = YES;
				CODE_SIGN_STYLE = Automatic;
				INFOPLIST_FILE = SwiftBaseProjectUITests/Info.plist;
				LD_RUNPATH_SEARCH_PATHS = "$(inherited) @executable_path/Frameworks @loader_path/Frameworks";
				PRODUCT_BUNDLE_IDENTIFIER = com.mcousillas.SwiftBaseProjectUITests;
				PRODUCT_NAME = "$(TARGET_NAME)";
				SWIFT_VERSION = 4.0;
				TARGETED_DEVICE_FAMILY = "1,2";
				TEST_TARGET_NAME = SwiftBaseProject;
			};
			name = Debug;
		};
		97C614592056D7A4001FEE20 /* Release */ = {
			isa = XCBuildConfiguration;
			buildSettings = {
				ALWAYS_EMBED_SWIFT_STANDARD_LIBRARIES = YES;
				CODE_SIGN_STYLE = Automatic;
				INFOPLIST_FILE = SwiftBaseProjectUITests/Info.plist;
				LD_RUNPATH_SEARCH_PATHS = "$(inherited) @executable_path/Frameworks @loader_path/Frameworks";
				PRODUCT_BUNDLE_IDENTIFIER = com.mcousillas.SwiftBaseProjectUITests;
				PRODUCT_NAME = "$(TARGET_NAME)";
				SWIFT_VERSION = 4.0;
				TARGETED_DEVICE_FAMILY = "1,2";
				TEST_TARGET_NAME = SwiftBaseProject;
			};
			name = Release;
		};
/* End XCBuildConfiguration section */

/* Begin XCConfigurationList section */
		97C614242056D7A3001FEE20 /* Build configuration list for PBXProject "SwiftBaseProject" */ = {
			isa = XCConfigurationList;
			buildConfigurations = (
				97C6144F2056D7A4001FEE20 /* Debug */,
				97C614502056D7A4001FEE20 /* Release */,
			);
			defaultConfigurationIsVisible = 0;
			defaultConfigurationName = Release;
		};
		97C614512056D7A4001FEE20 /* Build configuration list for PBXNativeTarget "SwiftBaseProject" */ = {
			isa = XCConfigurationList;
			buildConfigurations = (
				97C614522056D7A4001FEE20 /* Debug */,
				97C614532056D7A4001FEE20 /* Release */,
			);
			defaultConfigurationIsVisible = 0;
			defaultConfigurationName = Release;
		};
		97C614542056D7A4001FEE20 /* Build configuration list for PBXNativeTarget "SwiftBaseProjectTests" */ = {
			isa = XCConfigurationList;
			buildConfigurations = (
				97C614552056D7A4001FEE20 /* Debug */,
				97C614562056D7A4001FEE20 /* Release */,
			);
			defaultConfigurationIsVisible = 0;
			defaultConfigurationName = Release;
		};
		97C614572056D7A4001FEE20 /* Build configuration list for PBXNativeTarget "SwiftBaseProjectUITests" */ = {
			isa = XCConfigurationList;
			buildConfigurations = (
				97C614582056D7A4001FEE20 /* Debug */,
				97C614592056D7A4001FEE20 /* Release */,
			);
			defaultConfigurationIsVisible = 0;
			defaultConfigurationName = Release;
		};
/* End XCConfigurationList section */
	};
	rootObject = 97C614212056D7A3001FEE20 /* Project object */;
}
